
Microsoft Visual Studio Solution File, Format Version 12.00
# Visual Studio Version 16
VisualStudioVersion = 25.0.1703.3
MinimumVisualStudioVersion = 10.0.40219.1
Project("{FAE04EC0-301F-11D3-BF4B-00C04F79EFBC}") = "VSWorkflow", "VSWorkflow\VSWorkflow.csproj", "{FB635EEE-4546-4DBF-9BC1-718E9F3B3ABD}"
EndProject
Global
	GlobalSection(SolutionConfigurationPlatforms) = preSolution
		Debug|Any CPU = Debug|Any CPU
		Release|Any CPU = Release|Any CPU
	EndGlobalSection
	GlobalSection(ProjectConfigurationPlatforms) = postSolution
		{FB635EEE-4546-4DBF-9BC1-718E9F3B3ABD}.Debug|Any CPU.ActiveCfg = Debug|Any CPU
		{FB635EEE-4546-4DBF-9BC1-718E9F3B3ABD}.Debug|Any CPU.Build.0 = Debug|Any CPU
		{FB635EEE-4546-4DBF-9BC1-718E9F3B3ABD}.Release|Any CPU.ActiveCfg = Release|Any CPU
		{FB635EEE-4546-4DBF-9BC1-718E9F3B3ABD}.Release|Any CPU.Build.0 = Release|Any CPU
	EndGlobalSection
	GlobalSection(SolutionProperties) = preSolution
		HideSolutionNode = FALSE
	EndGlobalSection
	GlobalSection(ExtensibilityGlobals) = postSolution
		SolutionGuid = {29839EC8-8250-4168-B44B-D858CF61EF10}
	EndGlobalSection
EndGlobal
